
Microsoft Visual Studio Solution File, Format Version 12.00
# Visual Studio 15
VisualStudioVersion = 15.0.27703.2035
MinimumVisualStudioVersion = 10.0.40219.1
Project("{F184B08F-C81C-45F6-A57F-5ABD9991F28F}") = "If Demo", "If Demo\If Demo.vbproj", "{67C4A9C6-7BD3-4F67-8E5F-A89348FC88EB}"
EndProject
Global
	GlobalSection(SolutionConfigurationPlatforms) = preSolution
		Debug|Any CPU = Debug|Any CPU
		Release|Any CPU = Release|Any CPU
	EndGlobalSection
	GlobalSection(ProjectConfigurationPlatforms) = postSolution
		{67C4A9C6-7BD3-4F67-8E5F-A89348FC88EB}.Debug|Any CPU.ActiveCfg = Debug|Any CPU
		{67C4A9C6-7BD3-4F67-8E5F-A89348FC88EB}.Debug|Any CPU.Build.0 = Debug|Any CPU
		{67C4A9C6-7BD3-4F67-8E5F-A89348FC88EB}.Release|Any CPU.ActiveCfg = Release|Any CPU
		{67C4A9C6-7BD3-4F67-8E5F-A89348FC88EB}.Release|Any CPU.Build.0 = Release|Any CPU
	EndGlobalSection
	GlobalSection(SolutionProperties) = preSolution
		HideSolutionNode = FALSE
	EndGlobalSection
	GlobalSection(ExtensibilityGlobals) = postSolution
		SolutionGuid = {27C5A614-FF3A-4B68-BA25-05D7DD999D6E}
	EndGlobalSection
EndGlobal
