
Microsoft Visual Studio Solution File, Format Version 12.00
# Visual Studio 15
VisualStudioVersion = 15.0.27703.2035
MinimumVisualStudioVersion = 10.0.40219.1
Project("{F184B08F-C81C-45F6-A57F-5ABD9991F28F}") = "Three Buttons", "Three Buttons\Three Buttons.vbproj", "{6F2FAA9C-D431-4DDC-9890-C8BEFD9D5E14}"
EndProject
Global
	GlobalSection(SolutionConfigurationPlatforms) = preSolution
		Debug|Any CPU = Debug|Any CPU
		Release|Any CPU = Release|Any CPU
	EndGlobalSection
	GlobalSection(ProjectConfigurationPlatforms) = postSolution
		{6F2FAA9C-D431-4DDC-9890-C8BEFD9D5E14}.Debug|Any CPU.ActiveCfg = Debug|Any CPU
		{6F2FAA9C-D431-4DDC-9890-C8BEFD9D5E14}.Debug|Any CPU.Build.0 = Debug|Any CPU
		{6F2FAA9C-D431-4DDC-9890-C8BEFD9D5E14}.Release|Any CPU.ActiveCfg = Release|Any CPU
		{6F2FAA9C-D431-4DDC-9890-C8BEFD9D5E14}.Release|Any CPU.Build.0 = Release|Any CPU
	EndGlobalSection
	GlobalSection(SolutionProperties) = preSolution
		HideSolutionNode = FALSE
	EndGlobalSection
	GlobalSection(ExtensibilityGlobals) = postSolution
		SolutionGuid = {F5DA413F-9521-43EE-AE01-D1817CD28B7E}
	EndGlobalSection
EndGlobal
