
Microsoft Visual Studio Solution File, Format Version 12.00
# Visual Studio 15
VisualStudioVersion = 15.0.27703.2042
MinimumVisualStudioVersion = 10.0.40219.1
Project("{F184B08F-C81C-45F6-A57F-5ABD9991F28F}") = "Windows Forms Dialogs", "Windows Forms Dialogs\Windows Forms Dialogs.vbproj", "{6FFC1C53-C096-4E1E-ACD1-765A712CA329}"
EndProject
Global
	GlobalSection(SolutionConfigurationPlatforms) = preSolution
		Debug|Any CPU = Debug|Any CPU
		Release|Any CPU = Release|Any CPU
	EndGlobalSection
	GlobalSection(ProjectConfigurationPlatforms) = postSolution
		{6FFC1C53-C096-4E1E-ACD1-765A712CA329}.Debug|Any CPU.ActiveCfg = Debug|Any CPU
		{6FFC1C53-C096-4E1E-ACD1-765A712CA329}.Debug|Any CPU.Build.0 = Debug|Any CPU
		{6FFC1C53-C096-4E1E-ACD1-765A712CA329}.Release|Any CPU.ActiveCfg = Release|Any CPU
		{6FFC1C53-C096-4E1E-ACD1-765A712CA329}.Release|Any CPU.Build.0 = Release|Any CPU
	EndGlobalSection
	GlobalSection(SolutionProperties) = preSolution
		HideSolutionNode = FALSE
	EndGlobalSection
	GlobalSection(ExtensibilityGlobals) = postSolution
		SolutionGuid = {BE22F1E9-E0EC-4BBD-96DA-E323C39AA9CF}
	EndGlobalSection
EndGlobal
