
Microsoft Visual Studio Solution File, Format Version 12.00
# Visual Studio 15
VisualStudioVersion = 15.0.27703.2042
MinimumVisualStudioVersion = 10.0.40219.1
Project("{F184B08F-C81C-45F6-A57F-5ABD9991F28F}") = "MessageBox Buttons", "MessageBox Buttons\MessageBox Buttons.vbproj", "{881D8031-4F3B-4CD8-80F6-6C341556C5DD}"
EndProject
Global
	GlobalSection(SolutionConfigurationPlatforms) = preSolution
		Debug|Any CPU = Debug|Any CPU
		Release|Any CPU = Release|Any CPU
	EndGlobalSection
	GlobalSection(ProjectConfigurationPlatforms) = postSolution
		{881D8031-4F3B-4CD8-80F6-6C341556C5DD}.Debug|Any CPU.ActiveCfg = Debug|Any CPU
		{881D8031-4F3B-4CD8-80F6-6C341556C5DD}.Debug|Any CPU.Build.0 = Debug|Any CPU
		{881D8031-4F3B-4CD8-80F6-6C341556C5DD}.Release|Any CPU.ActiveCfg = Release|Any CPU
		{881D8031-4F3B-4CD8-80F6-6C341556C5DD}.Release|Any CPU.Build.0 = Release|Any CPU
	EndGlobalSection
	GlobalSection(SolutionProperties) = preSolution
		HideSolutionNode = FALSE
	EndGlobalSection
	GlobalSection(ExtensibilityGlobals) = postSolution
		SolutionGuid = {37EF09E6-1317-4247-86BC-5E0BB3977397}
	EndGlobalSection
EndGlobal
