
Microsoft Visual Studio Solution File, Format Version 12.00
# Visual Studio 15
VisualStudioVersion = 15.0.27703.2042
MinimumVisualStudioVersion = 10.0.40219.1
Project("{F184B08F-C81C-45F6-A57F-5ABD9991F28F}") = "Word Counter", "Word Counter\Word Counter.vbproj", "{46C65852-8C61-4E67-AB11-29F1478D9147}"
EndProject
Global
	GlobalSection(SolutionConfigurationPlatforms) = preSolution
		Debug|Any CPU = Debug|Any CPU
		Release|Any CPU = Release|Any CPU
	EndGlobalSection
	GlobalSection(ProjectConfigurationPlatforms) = postSolution
		{46C65852-8C61-4E67-AB11-29F1478D9147}.Debug|Any CPU.ActiveCfg = Debug|Any CPU
		{46C65852-8C61-4E67-AB11-29F1478D9147}.Debug|Any CPU.Build.0 = Debug|Any CPU
		{46C65852-8C61-4E67-AB11-29F1478D9147}.Release|Any CPU.ActiveCfg = Release|Any CPU
		{46C65852-8C61-4E67-AB11-29F1478D9147}.Release|Any CPU.Build.0 = Release|Any CPU
	EndGlobalSection
	GlobalSection(SolutionProperties) = preSolution
		HideSolutionNode = FALSE
	EndGlobalSection
	GlobalSection(ExtensibilityGlobals) = postSolution
		SolutionGuid = {F25B1AD4-7F38-421F-9A22-E099B621434E}
	EndGlobalSection
EndGlobal
